
Microsoft Visual Studio Solution File, Format Version 12.00
# Visual Studio 15
VisualStudioVersion = 15.0.28307.489
MinimumVisualStudioVersion = 10.0.40219.1
Project("{8BC9CEB8-8B4A-11D0-8D11-00A0C91BC942}") = "VROVR", "VROVR\VROVR.vcxproj", "{2CBFA693-1F05-48D0-B4C7-5F74F581018A}"
EndProject
Global
	GlobalSection(SolutionConfigurationPlatforms) = preSolution
		Debug|x64 = Debug|x64
		Debug|x86 = Debug|x86
		Release|x64 = Release|x64
		Release|x86 = Release|x86
	EndGlobalSection
	GlobalSection(ProjectConfigurationPlatforms) = postSolution
		{2CBFA693-1F05-48D0-B4C7-5F74F581018A}.Debug|x64.ActiveCfg = Debug|x64
		{2CBFA693-1F05-48D0-B4C7-5F74F581018A}.Debug|x64.Build.0 = Debug|x64
		{2CBFA693-1F05-48D0-B4C7-5F74F581018A}.Debug|x86.ActiveCfg = Debug|x64
		{2CBFA693-1F05-48D0-B4C7-5F74F581018A}.Debug|x86.Build.0 = Debug|x64
		{2CBFA693-1F05-48D0-B4C7-5F74F581018A}.Release|x64.ActiveCfg = Debug|x64
		{2CBFA693-1F05-48D0-B4C7-5F74F581018A}.Release|x64.Build.0 = Debug|x64
		{2CBFA693-1F05-48D0-B4C7-5F74F581018A}.Release|x86.ActiveCfg = Release|Win32
		{2CBFA693-1F05-48D0-B4C7-5F74F581018A}.Release|x86.Build.0 = Release|Win32
	EndGlobalSection
	GlobalSection(SolutionProperties) = preSolution
		HideSolutionNode = FALSE
	EndGlobalSection
	GlobalSection(ExtensibilityGlobals) = postSolution
		SolutionGuid = {64A4757C-CC13-461B-ACBE-5D27D156FB91}
	EndGlobalSection
EndGlobal
